
Microsoft Visual Studio Solution File, Format Version 12.00
# Visual Studio Version 17
VisualStudioVersion = 17.1.32210.238
MinimumVisualStudioVersion = 10.0.40219.1
Project("{FAE04EC0-301F-11D3-BF4B-00C04F79EFBC}") = "SE-BackEnd", "SE-BackEnd\SE-BackEnd.csproj", "{9C3EB5E4-C2D4-4D43-AB8F-6192DEC9D2C4}"
EndProject
Global
	GlobalSection(SolutionConfigurationPlatforms) = preSolution
		Debug|Any CPU = Debug|Any CPU
		Release|Any CPU = Release|Any CPU
	EndGlobalSection
	GlobalSection(ProjectConfigurationPlatforms) = postSolution
		{9C3EB5E4-C2D4-4D43-AB8F-6192DEC9D2C4}.Debug|Any CPU.ActiveCfg = Debug|Any CPU
		{9C3EB5E4-C2D4-4D43-AB8F-6192DEC9D2C4}.Debug|Any CPU.Build.0 = Debug|Any CPU
		{9C3EB5E4-C2D4-4D43-AB8F-6192DEC9D2C4}.Release|Any CPU.ActiveCfg = Release|Any CPU
		{9C3EB5E4-C2D4-4D43-AB8F-6192DEC9D2C4}.Release|Any CPU.Build.0 = Release|Any CPU
	EndGlobalSection
	GlobalSection(SolutionProperties) = preSolution
		HideSolutionNode = FALSE
	EndGlobalSection
	GlobalSection(ExtensibilityGlobals) = postSolution
		SolutionGuid = {B138041D-4289-43E9-B1B5-A886E4E5B8E1}
	EndGlobalSection
EndGlobal
